// !$*UTF8*$!
{
	archiveVersion = 1;
	classes = {
	};
	objectVersion = 55;
	objects = {

/* Begin PBXBuildFile section */
		C24FDC2E29F07ACE0090F6B8 /* AppDelegate.swift in Sources */ = {isa = PBXBuildFile; fileRef = C24FDC2D29F07ACE0090F6B8 /* AppDelegate.swift */; };
		C24FDC3029F07ACE0090F6B8 /* SceneDelegate.swift in Sources */ = {isa = PBXBuildFile; fileRef = C24FDC2F29F07ACE0090F6B8 /* SceneDelegate.swift */; };
		C24FDC3229F07ACE0090F6B8 /* ViewController.swift in Sources */ = {isa = PBXBuildFile; fileRef = C24FDC3129F07ACE0090F6B8 /* ViewController.swift */; };
		C24FDC3529F07ACE0090F6B8 /* Main.storyboard in Resources */ = {isa = PBXBuildFile; fileRef = C24FDC3329F07ACE0090F6B8 /* Main.storyboard */; };
		C24FDC3729F07ACF0090F6B8 /* Assets.xcassets in Resources */ = {isa = PBXBuildFile; fileRef = C24FDC3629F07ACF0090F6B8 /* Assets.xcassets */; };
		C24FDC3A29F07ACF0090F6B8 /* LaunchScreen.storyboard in Resources */ = {isa = PBXBuildFile; fileRef = C24FDC3829F07ACF0090F6B8 /* LaunchScreen.storyboard */; };
		C24FDC4529F07ACF0090F6B8 /* LightTests.swift in Sources */ = {isa = PBXBuildFile; fileRef = C24FDC4429F07ACF0090F6B8 /* LightTests.swift */; };
		C24FDC4F29F07ACF0090F6B8 /* LightUITests.swift in Sources */ = {isa = PBXBuildFile; fileRef = C24FDC4E29F07ACF0090F6B8 /* LightUITests.swift */; };
		C24FDC5129F07ACF0090F6B8 /* LightUITestsLaunchTests.swift in Sources */ = {isa = PBXBuildFile; fileRef = C24FDC5029F07ACF0090F6B8 /* LightUITestsLaunchTests.swift */; };
/* End PBXBuildFile section */

/* Begin PBXContainerItemProxy section */
		C24FDC4129F07ACF0090F6B8 /* PBXContainerItemProxy */ = {
			isa = PBXContainerItemProxy;
			containerPortal = C24FDC2229F07ACE0090F6B8 /* Project object */;
			proxyType = 1;
			remoteGlobalIDString = C24FDC2929F07ACE0090F6B8;
			remoteInfo = Light;
		};
		C24FDC4B29F07ACF0090F6B8 /* PBXContainerItemProxy */ = {
			isa = PBXContainerItemProxy;
			containerPortal = C24FDC2229F07ACE0090F6B8 /* Project object */;
			proxyType = 1;
			remoteGlobalIDString = C24FDC2929F07ACE0090F6B8;
			remoteInfo = Light;
		};
/* End PBXContainerItemProxy section */

/* Begin PBXFileReference section */
		C24FDC2A29F07ACE0090F6B8 /* Light.app */ = {isa = PBXFileReference; explicitFileType = wrapper.application; includeInIndex = 0; path = Light.app; sourceTree = BUILT_PRODUCTS_DIR; };
		C24FDC2D29F07ACE0090F6B8 /* AppDelegate.swift */ = {isa = PBXFileReference; lastKnownFileType = sourcecode.swift; path = AppDelegate.swift; sourceTree = "<group>"; };
		C24FDC2F29F07ACE0090F6B8 /* SceneDelegate.swift */ = {isa = PBXFileReference; lastKnownFileType = sourcecode.swift; path = SceneDelegate.swift; sourceTree = "<group>"; };
		C24FDC3129F07ACE0090F6B8 /* ViewController.swift */ = {isa = PBXFileReference; lastKnownFileType = sourcecode.swift; path = ViewController.swift; sourceTree = "<group>"; };
		C24FDC3429F07ACE0090F6B8 /* Base */ = {isa = PBXFileReference; lastKnownFileType = file.storyboard; name = Base; path = Base.lproj/Main.storyboard; sourceTree = "<group>"; };
		C24FDC3629F07ACF0090F6B8 /* Assets.xcassets */ = {isa = PBXFileReference; lastKnownFileType = folder.assetcatalog; path = Assets.xcassets; sourceTree = "<group>"; };
		C24FDC3929F07ACF0090F6B8 /* Base */ = {isa = PBXFileReference; lastKnownFileType = file.storyboard; name = Base; path = Base.lproj/LaunchScreen.storyboard; sourceTree = "<group>"; };
		C24FDC3B29F07ACF0090F6B8 /* Info.plist */ = {isa = PBXFileReference; lastKnownFileType = text.plist.xml; path = Info.plist; sourceTree = "<group>"; };
		C24FDC4029F07ACF0090F6B8 /* LightTests.xctest */ = {isa = PBXFileReference; explicitFileType = wrapper.cfbundle; includeInIndex = 0; path = LightTests.xctest; sourceTree = BUILT_PRODUCTS_DIR; };
		C24FDC4429F07ACF0090F6B8 /* LightTests.swift */ = {isa = PBXFileReference; lastKnownFileType = sourcecode.swift; path = LightTests.swift; sourceTree = "<group>"; };
		C24FDC4A29F07ACF0090F6B8 /* LightUITests.xctest */ = {isa = PBXFileReference; explicitFileType = wrapper.cfbundle; includeInIndex = 0; path = LightUITests.xctest; sourceTree = BUILT_PRODUCTS_DIR; };
		C24FDC4E29F07ACF0090F6B8 /* LightUITests.swift */ = {isa = PBXFileReference; lastKnownFileType = sourcecode.swift; path = LightUITests.swift; sourceTree = "<group>"; };
		C24FDC5029F07ACF0090F6B8 /* LightUITestsLaunchTests.swift */ = {isa = PBXFileReference; lastKnownFileType = sourcecode.swift; path = LightUITestsLaunchTests.swift; sourceTree = "<group>"; };
/* End PBXFileReference section */

/* Begin PBXFrameworksBuildPhase section */
		C24FDC2729F07ACE0090F6B8 /* Frameworks */ = {
			isa = PBXFrameworksBuildPhase;
			buildActionMask = 2147483647;
			files = (
			);
			runOnlyForDeploymentPostprocessing = 0;
		};
		C24FDC3D29F07ACF0090F6B8 /* Frameworks */ = {
			isa = PBXFrameworksBuildPhase;
			buildActionMask = 2147483647;
			files = (
			);
			runOnlyForDeploymentPostprocessing = 0;
		};
		C24FDC4729F07ACF0090F6B8 /* Frameworks */ = {
			isa = PBXFrameworksBuildPhase;
			buildActionMask = 2147483647;
			files = (
			);
			runOnlyForDeploymentPostprocessing = 0;
		};
/* End PBXFrameworksBuildPhase section */

/* Begin PBXGroup section */
		C24FDC2129F07ACE0090F6B8 = {
			isa = PBXGroup;
			children = (
				C24FDC2C29F07ACE0090F6B8 /* Light */,
				C24FDC4329F07ACF0090F6B8 /* LightTests */,
				C24FDC4D29F07ACF0090F6B8 /* LightUITests */,
				C24FDC2B29F07ACE0090F6B8 /* Products */,
			);
			sourceTree = "<group>";
		};
		C24FDC2B29F07ACE0090F6B8 /* Products */ = {
			isa = PBXGroup;
			children = (
				C24FDC2A29F07ACE0090F6B8 /* Light.app */,
				C24FDC4029F07ACF0090F6B8 /* LightTests.xctest */,
				C24FDC4A29F07ACF0090F6B8 /* LightUITests.xctest */,
			);
			name = Products;
			sourceTree = "<group>";
		};
		C24FDC2C29F07ACE0090F6B8 /* Light */ = {
			isa = PBXGroup;
			children = (
				C24FDC2D29F07ACE0090F6B8 /* AppDelegate.swift */,
				C24FDC2F29F07ACE0090F6B8 /* SceneDelegate.swift */,
				C24FDC3129F07ACE0090F6B8 /* ViewController.swift */,
				C24FDC3329F07ACE0090F6B8 /* Main.storyboard */,
				C24FDC3629F07ACF0090F6B8 /* Assets.xcassets */,
				C24FDC3829F07ACF0090F6B8 /* LaunchScreen.storyboard */,
				C24FDC3B29F07ACF0090F6B8 /* Info.plist */,
			);
			path = Light;
			sourceTree = "<group>";
		};
		C24FDC4329F07ACF0090F6B8 /* LightTests */ = {
			isa = PBXGroup;
			children = (
				C24FDC4429F07ACF0090F6B8 /* LightTests.swift */,
			);
			path = LightTests;
			sourceTree = "<group>";
		};
		C24FDC4D29F07ACF0090F6B8 /* LightUITests */ = {
			isa = PBXGroup;
			children = (
				C24FDC4E29F07ACF0090F6B8 /* LightUITests.swift */,
				C24FDC5029F07ACF0090F6B8 /* LightUITestsLaunchTests.swift */,
			);
			path = LightUITests;
			sourceTree = "<group>";
		};
/* End PBXGroup section */

/* Begin PBXNativeTarget section */
		C24FDC2929F07ACE0090F6B8 /* Light */ = {
			isa = PBXNativeTarget;
			buildConfigurationList = C24FDC5429F07ACF0090F6B8 /* Build configuration list for PBXNativeTarget "Light" */;
			buildPhases = (
				C24FDC2629F07ACE0090F6B8 /* Sources */,
				C24FDC2729F07ACE0090F6B8 /* Frameworks */,
				C24FDC2829F07ACE0090F6B8 /* Resources */,
			);
			buildRules = (
			);
			dependencies = (
			);
			name = Light;
			productName = Light;
			productReference = C24FDC2A29F07ACE0090F6B8 /* Light.app */;
			productType = "com.apple.product-type.application";
		};
		C24FDC3F29F07ACF0090F6B8 /* LightTests */ = {
			isa = PBXNativeTarget;
			buildConfigurationList = C24FDC5729F07ACF0090F6B8 /* Build configuration list for PBXNativeTarget "LightTests" */;
			buildPhases = (
				C24FDC3C29F07ACF0090F6B8 /* Sources */,
				C24FDC3D29F07ACF0090F6B8 /* Frameworks */,
				C24FDC3E29F07ACF0090F6B8 /* Resources */,
			);
			buildRules = (
			);
			dependencies = (
				C24FDC4229F07ACF0090F6B8 /* PBXTargetDependency */,
			);
			name = LightTests;
			productName = LightTests;
			productReference = C24FDC4029F07ACF0090F6B8 /* LightTests.xctest */;
			productType = "com.apple.product-type.bundle.unit-test";
		};
		C24FDC4929F07ACF0090F6B8 /* LightUITests */ = {
			isa = PBXNativeTarget;
			buildConfigurationList = C24FDC5A29F07ACF0090F6B8 /* Build configuration list for PBXNativeTarget "LightUITests" */;
			buildPhases = (
				C24FDC4629F07ACF0090F6B8 /* Sources */,
				C24FDC4729F07ACF0090F6B8 /* Frameworks */,
				C24FDC4829F07ACF0090F6B8 /* Resources */,
			);
			buildRules = (
			);
			dependencies = (
				C24FDC4C29F07ACF0090F6B8 /* PBXTargetDependency */,
			);
			name = LightUITests;
			productName = LightUITests;
			productReference = C24FDC4A29F07ACF0090F6B8 /* LightUITests.xctest */;
			productType = "com.apple.product-type.bundle.ui-testing";
		};
/* End PBXNativeTarget section */

/* Begin PBXProject section */
		C24FDC2229F07ACE0090F6B8 /* Project object */ = {
			isa = PBXProject;
			attributes = {
				BuildIndependentTargetsInParallel = 1;
				LastSwiftUpdateCheck = 1320;
				LastUpgradeCheck = 1320;
				TargetAttributes = {
					C24FDC2929F07ACE0090F6B8 = {
						CreatedOnToolsVersion = 13.2.1;
					};
					C24FDC3F29F07ACF0090F6B8 = {
						CreatedOnToolsVersion = 13.2.1;
						TestTargetID = C24FDC2929F07ACE0090F6B8;
					};
					C24FDC4929F07ACF0090F6B8 = {
						CreatedOnToolsVersion = 13.2.1;
						TestTargetID = C24FDC2929F07ACE0090F6B8;
					};
				};
			};
			buildConfigurationList = C24FDC2529F07ACE0090F6B8 /* Build configuration list for PBXProject "Light" */;
			compatibilityVersion = "Xcode 13.0";
			developmentRegion = en;
			hasScannedForEncodings = 0;
			knownRegions = (
				en,
				Base,
			);
			mainGroup = C24FDC2129F07ACE0090F6B8;
			productRefGroup = C24FDC2B29F07ACE0090F6B8 /* Products */;
			projectDirPath = "";
			projectRoot = "";
			targets = (
				C24FDC2929F07ACE0090F6B8 /* Light */,
				C24FDC3F29F07ACF0090F6B8 /* LightTests */,
				C24FDC4929F07ACF0090F6B8 /* LightUITests */,
			);
		};
/* End PBXProject section */

/* Begin PBXResourcesBuildPhase section */
		C24FDC2829F07ACE0090F6B8 /* Resources */ = {
			isa = PBXResourcesBuildPhase;
			buildActionMask = 2147483647;
			files = (
				C24FDC3A29F07ACF0090F6B8 /* LaunchScreen.storyboard in Resources */,
				C24FDC3729F07ACF0090F6B8 /* Assets.xcassets in Resources */,
				C24FDC3529F07ACE0090F6B8 /* Main.storyboard in Resources */,
			);
			runOnlyForDeploymentPostprocessing = 0;
		};
		C24FDC3E29F07ACF0090F6B8 /* Resources */ = {
			isa = PBXResourcesBuildPhase;
			buildActionMask = 2147483647;
			files = (
			);
			runOnlyForDeploymentPostprocessing = 0;
		};
		C24FDC4829F07ACF0090F6B8 /* Resources */ = {
			isa = PBXResourcesBuildPhase;
			buildActionMask = 2147483647;
			files = (
			);
			runOnlyForDeploymentPostprocessing = 0;
		};
/* End PBXResourcesBuildPhase section */

/* Begin PBXSourcesBuildPhase section */
		C24FDC2629F07ACE0090F6B8 /* Sources */ = {
			isa = PBXSourcesBuildPhase;
			buildActionMask = 2147483647;
			files = (
				C24FDC3229F07ACE0090F6B8 /* ViewController.swift in Sources */,
				C24FDC2E29F07ACE0090F6B8 /* AppDelegate.swift in Sources */,
				C24FDC3029F07ACE0090F6B8 /* SceneDelegate.swift in Sources */,
			);
			runOnlyForDeploymentPostprocessing = 0;
		};
		C24FDC3C29F07ACF0090F6B8 /* Sources */ = {
			isa = PBXSourcesBuildPhase;
			buildActionMask = 2147483647;
			files = (
				C24FDC4529F07ACF0090F6B8 /* LightTests.swift in Sources */,
			);
			runOnlyForDeploymentPostprocessing = 0;
		};
		C24FDC4629F07ACF0090F6B8 /* Sources */ = {
			isa = PBXSourcesBuildPhase;
			buildActionMask = 2147483647;
			files = (
				C24FDC4F29F07ACF0090F6B8 /* LightUITests.swift in Sources */,
				C24FDC5129F07ACF0090F6B8 /* LightUITestsLaunchTests.swift in Sources */,
			);
			runOnlyForDeploymentPostprocessing = 0;
		};
/* End PBXSourcesBuildPhase section */

/* Begin PBXTargetDependency section */
		C24FDC4229F07ACF0090F6B8 /* PBXTargetDependency */ = {
			isa = PBXTargetDependency;
			target = C24FDC2929F07ACE0090F6B8 /* Light */;
			targetProxy = C24FDC4129F07ACF0090F6B8 /* PBXContainerItemProxy */;
		};
		C24FDC4C29F07ACF0090F6B8 /* PBXTargetDependency */ = {
			isa = PBXTargetDependency;
			target = C24FDC2929F07ACE0090F6B8 /* Light */;
			targetProxy = C24FDC4B29F07ACF0090F6B8 /* PBXContainerItemProxy */;
		};
/* End PBXTargetDependency section */

/* Begin PBXVariantGroup section */
		C24FDC3329F07ACE0090F6B8 /* Main.storyboard */ = {
			isa = PBXVariantGroup;
			children = (
				C24FDC3429F07ACE0090F6B8 /* Base */,
			);
			name = Main.storyboard;
			sourceTree = "<group>";
		};
		C24FDC3829F07ACF0090F6B8 /* LaunchScreen.storyboard */ = {
			isa = PBXVariantGroup;
			children = (
				C24FDC3929F07ACF0090F6B8 /* Base */,
			);
			name = LaunchScreen.storyboard;
			sourceTree = "<group>";
		};
/* End PBXVariantGroup section */

/* Begin XCBuildConfiguration section */
		C24FDC5229F07ACF0090F6B8 /* Debug */ = {
			isa = XCBuildConfiguration;
			buildSettings = {
				ALWAYS_SEARCH_USER_PATHS = NO;
				CLANG_ANALYZER_NONNULL = YES;
				CLANG_ANALYZER_NUMBER_OBJECT_CONVERSION = YES_AGGRESSIVE;
				CLANG_CXX_LANGUAGE_STANDARD = "gnu++17";
				CLANG_CXX_LIBRARY = "libc++";
				CLANG_ENABLE_MODULES = YES;
				CLANG_ENABLE_OBJC_ARC = YES;
				CLANG_ENABLE_OBJC_WEAK = YES;
				CLANG_WARN_BLOCK_CAPTURE_AUTORELEASING = YES;
				CLANG_WARN_BOOL_CONVERSION = YES;
				CLANG_WARN_COMMA = YES;
				CLANG_WARN_CONSTANT_CONVERSION = YES;
				CLANG_WARN_DEPRECATED_OBJC_IMPLEMENTATIONS = YES;
				CLANG_WARN_DIRECT_OBJC_ISA_USAGE = YES_ERROR;
				CLANG_WARN_DOCUMENTATION_COMMENTS = YES;
				CLANG_WARN_EMPTY_BODY = YES;
				CLANG_WARN_ENUM_CONVERSION = YES;
				CLANG_WARN_INFINITE_RECURSION = YES;
				CLANG_WARN_INT_CONVERSION = YES;
				CLANG_WARN_NON_LITERAL_NULL_CONVERSION = YES;
				CLANG_WARN_OBJC_IMPLICIT_RETAIN_SELF = YES;
				CLANG_WARN_OBJC_LITERAL_CONVERSION = YES;
				CLANG_WARN_OBJC_ROOT_CLASS = YES_ERROR;
				CLANG_WARN_QUOTED_INCLUDE_IN_FRAMEWORK_HEADER = YES;
				CLANG_WARN_RANGE_LOOP_ANALYSIS = YES;
				CLANG_WARN_STRICT_PROTOTYPES = YES;
				CLANG_WARN_SUSPICIOUS_MOVE = YES;
				CLANG_WARN_UNGUARDED_AVAILABILITY = YES_AGGRESSIVE;
				CLANG_WARN_UNREACHABLE_CODE = YES;
				CLANG_WARN__DUPLICATE_METHOD_MATCH = YES;
				COPY_PHASE_STRIP = NO;
				DEBUG_INFORMATION_FORMAT = dwarf;
				ENABLE_STRICT_OBJC_MSGSEND = YES;
				ENABLE_TESTABILITY = YES;
				GCC_C_LANGUAGE_STANDARD = gnu11;
				GCC_DYNAMIC_NO_PIC = NO;
				GCC_NO_COMMON_BLOCKS = YES;
				GCC_OPTIMIZATION_LEVEL = 0;
				GCC_PREPROCESSOR_DEFINITIONS = (
					"DEBUG=1",
					"$(inherited)",
				);
				GCC_WARN_64_TO_32_BIT_CONVERSION = YES;
				GCC_WARN_ABOUT_RETURN_TYPE = YES_ERROR;
				GCC_WARN_UNDECLARED_SELECTOR = YES;
				GCC_WARN_UNINITIALIZED_AUTOS = YES_AGGRESSIVE;
				GCC_WARN_UNUSED_FUNCTION = YES;
				GCC_WARN_UNUSED_VARIABLE = YES;
				IPHONEOS_DEPLOYMENT_TARGET = 15.2;
				MTL_ENABLE_DEBUG_INFO = INCLUDE_SOURCE;
				MTL_FAST_MATH = YES;
				ONLY_ACTIVE_ARCH = YES;
				SDKROOT = iphoneos;
				SWIFT_ACTIVE_COMPILATION_CONDITIONS = DEBUG;
				SWIFT_OPTIMIZATION_LEVEL = "-Onone";
			};
			name = Debug;
		};
		C24FDC5329F07ACF0090F6B8 /* Release */ = {
			isa = XCBuildConfiguration;
			buildSettings = {
				ALWAYS_SEARCH_USER_PATHS = NO;
				CLANG_ANALYZER_NONNULL = YES;
				CLANG_ANALYZER_NUMBER_OBJECT_CONVERSION = YES_AGGRESSIVE;
				CLANG_CXX_LANGUAGE_STANDARD = "gnu++17";
				CLANG_CXX_LIBRARY = "libc++";
				CLANG_ENABLE_MODULES = YES;
				CLANG_ENABLE_OBJC_ARC = YES;
				CLANG_ENABLE_OBJC_WEAK = YES;
				CLANG_WARN_BLOCK_CAPTURE_AUTORELEASING = YES;
				CLANG_WARN_BOOL_CONVERSION = YES;
				CLANG_WARN_COMMA = YES;
				CLANG_WARN_CONSTANT_CONVERSION = YES;
				CLANG_WARN_DEPRECATED_OBJC_IMPLEMENTATIONS = YES;
				CLANG_WARN_DIRECT_OBJC_ISA_USAGE = YES_ERROR;
				CLANG_WARN_DOCUMENTATION_COMMENTS = YES;
				CLANG_WARN_EMPTY_BODY = YES;
				CLANG_WARN_ENUM_CONVERSION = YES;
				CLANG_WARN_INFINITE_RECURSION = YES;
				CLANG_WARN_INT_CONVERSION = YES;
				CLANG_WARN_NON_LITERAL_NULL_CONVERSION = YES;
				CLANG_WARN_OBJC_IMPLICIT_RETAIN_SELF = YES;
				CLANG_WARN_OBJC_LITERAL_CONVERSION = YES;
				CLANG_WARN_OBJC_ROOT_CLASS = YES_ERROR;
				CLANG_WARN_QUOTED_INCLUDE_IN_FRAMEWORK_HEADER = YES;
				CLANG_WARN_RANGE_LOOP_ANALYSIS = YES;
				CLANG_WARN_STRICT_PROTOTYPES = YES;
				CLANG_WARN_SUSPICIOUS_MOVE = YES;
				CLANG_WARN_UNGUARDED_AVAILABILITY = YES_AGGRESSIVE;
				CLANG_WARN_UNREACHABLE_CODE = YES;
				CLANG_WARN__DUPLICATE_METHOD_MATCH = YES;
				COPY_PHASE_STRIP = NO;
				DEBUG_INFORMATION_FORMAT = "dwarf-with-dsym";
				ENABLE_NS_ASSERTIONS = NO;
				ENABLE_STRICT_OBJC_MSGSEND = YES;
				GCC_C_LANGUAGE_STANDARD = gnu11;
				GCC_NO_COMMON_BLOCKS = YES;
				GCC_WARN_64_TO_32_BIT_CONVERSION = YES;
				GCC_WARN_ABOUT_RETURN_TYPE = YES_ERROR;
				GCC_WARN_UNDECLARED_SELECTOR = YES;
				GCC_WARN_UNINITIALIZED_AUTOS = YES_AGGRESSIVE;
				GCC_WARN_UNUSED_FUNCTION = YES;
				GCC_WARN_UNUSED_VARIABLE = YES;
				IPHONEOS_DEPLOYMENT_TARGET = 15.2;
				MTL_ENABLE_DEBUG_INFO = NO;
				MTL_FAST_MATH = YES;
				SDKROOT = iphoneos;
				SWIFT_COMPILATION_MODE = wholemodule;
				SWIFT_OPTIMIZATION_LEVEL = "-O";
				VALIDATE_PRODUCT = YES;
			};
			name = Release;
		};
		C24FDC5529F07ACF0090F6B8 /* Debug */ = {
			isa = XCBuildConfiguration;
			buildSettings = {
				ASSETCATALOG_COMPILER_APPICON_NAME = AppIcon;
				ASSETCATALOG_COMPILER_GLOBAL_ACCENT_COLOR_NAME = AccentColor;
				CODE_SIGN_STYLE = Automatic;
				CURRENT_PROJECT_VERSION = 1;
				DEVELOPMENT_TEAM = 82MX9NJ6X9;
				GENERATE_INFOPLIST_FILE = YES;
				INFOPLIST_FILE = Light/Info.plist;
				INFOPLIST_KEY_UIApplicationSupportsIndirectInputEvents = YES;
				INFOPLIST_KEY_UILaunchStoryboardName = LaunchScreen;
				INFOPLIST_KEY_UIMainStoryboardFile = Main;
				INFOPLIST_KEY_UISupportedInterfaceOrientations_iPad = "UIInterfaceOrientationPortrait UIInterfaceOrientationPortraitUpsideDown UIInterfaceOrientationLandscapeLeft UIInterfaceOrientationLandscapeRight";
				INFOPLIST_KEY_UISupportedInterfaceOrientations_iPhone = "UIInterfaceOrientationPortrait UIInterfaceOrientationLandscapeLeft UIInterfaceOrientationLandscapeRight";
				LD_RUNPATH_SEARCH_PATHS = (
					"$(inherited)",
					"@executable_path/Frameworks",
				);
				MARKETING_VERSION = 1.0;
				PRODUCT_BUNDLE_IDENTIFIER = LISD.Light;
				PRODUCT_NAME = "$(TARGET_NAME)";
				SWIFT_EMIT_LOC_STRINGS = YES;
				SWIFT_VERSION = 5.0;
				TARGETED_DEVICE_FAMILY = "1,2";
			};
			name = Debug;
		};
		C24FDC5629F07ACF0090F6B8 /* Release */ = {
			isa = XCBuildConfiguration;
			buildSettings = {
				ASSETCATALOG_COMPILER_APPICON_NAME = AppIcon;
				ASSETCATALOG_COMPILER_GLOBAL_ACCENT_COLOR_NAME = AccentColor;
				CODE_SIGN_STYLE = Automatic;
				CURRENT_PROJECT_VERSION = 1;
				DEVELOPMENT_TEAM = 82MX9NJ6X9;
				GENERATE_INFOPLIST_FILE = YES;
				INFOPLIST_FILE = Light/Info.plist;
				INFOPLIST_KEY_UIApplicationSupportsIndirectInputEvents = YES;
				INFOPLIST_KEY_UILaunchStoryboardName = LaunchScreen;
				INFOPLIST_KEY_UIMainStoryboardFile = Main;
				INFOPLIST_KEY_UISupportedInterfaceOrientations_iPad = "UIInterfaceOrientationPortrait UIInterfaceOrientationPortraitUpsideDown UIInterfaceOrientationLandscapeLeft UIInterfaceOrientationLandscapeRight";
				INFOPLIST_KEY_UISupportedInterfaceOrientations_iPhone = "UIInterfaceOrientationPortrait UIInterfaceOrientationLandscapeLeft UIInterfaceOrientationLandscapeRight";
				LD_RUNPATH_SEARCH_PATHS = (
					"$(inherited)",
					"@executable_path/Frameworks",
				);
				MARKETING_VERSION = 1.0;
				PRODUCT_BUNDLE_IDENTIFIER = LISD.Light;
				PRODUCT_NAME = "$(TARGET_NAME)";
				SWIFT_EMIT_LOC_STRINGS = YES;
				SWIFT_VERSION = 5.0;
				TARGETED_DEVICE_FAMILY = "1,2";
			};
			name = Release;
		};
		C24FDC5829F07ACF0090F6B8 /* Debug */ = {
			isa = XCBuildConfiguration;
			buildSettings = {
				ALWAYS_EMBED_SWIFT_STANDARD_LIBRARIES = YES;
				BUNDLE_LOADER = "$(TEST_HOST)";
				CODE_SIGN_STYLE = Automatic;
				CURRENT_PROJECT_VERSION = 1;
				DEVELOPMENT_TEAM = 82MX9NJ6X9;
				GENERATE_INFOPLIST_FILE = YES;
				IPHONEOS_DEPLOYMENT_TARGET = 15.2;
				MARKETING_VERSION = 1.0;
				PRODUCT_BUNDLE_IDENTIFIER = LISD.LightTests;
				PRODUCT_NAME = "$(TARGET_NAME)";
				SWIFT_EMIT_LOC_STRINGS = NO;
				SWIFT_VERSION = 5.0;
				TARGETED_DEVICE_FAMILY = "1,2";
				TEST_HOST = "$(BUILT_PRODUCTS_DIR)/Light.app/Light";
			};
			name = Debug;
		};
		C24FDC5929F07ACF0090F6B8 /* Release */ = {
			isa = XCBuildConfiguration;
			buildSettings = {
				ALWAYS_EMBED_SWIFT_STANDARD_LIBRARIES = YES;
				BUNDLE_LOADER = "$(TEST_HOST)";
				CODE_SIGN_STYLE = Automatic;
				CURRENT_PROJECT_VERSION = 1;
				DEVELOPMENT_TEAM = 82MX9NJ6X9;
				GENERATE_INFOPLIST_FILE = YES;
				IPHONEOS_DEPLOYMENT_TARGET = 15.2;
				MARKETING_VERSION = 1.0;
				PRODUCT_BUNDLE_IDENTIFIER = LISD.LightTests;
				PRODUCT_NAME = "$(TARGET_NAME)";
				SWIFT_EMIT_LOC_STRINGS = NO;
				SWIFT_VERSION = 5.0;
				TARGETED_DEVICE_FAMILY = "1,2";
				TEST_HOST = "$(BUILT_PRODUCTS_DIR)/Light.app/Light";
			};
			name = Release;
		};
		C24FDC5B29F07ACF0090F6B8 /* Debug */ = {
			isa = XCBuildConfiguration;
			buildSettings = {
				ALWAYS_EMBED_SWIFT_STANDARD_LIBRARIES = YES;
				CODE_SIGN_STYLE = Automatic;
				CURRENT_PROJECT_VERSION = 1;
				DEVELOPMENT_TEAM = 82MX9NJ6X9;
				GENERATE_INFOPLIST_FILE = YES;
				MARKETING_VERSION = 1.0;
				PRODUCT_BUNDLE_IDENTIFIER = LISD.LightUITests;
				PRODUCT_NAME = "$(TARGET_NAME)";
				SWIFT_EMIT_LOC_STRINGS = NO;
				SWIFT_VERSION = 5.0;
				TARGETED_DEVICE_FAMILY = "1,2";
				TEST_TARGET_NAME = Light;
			};
			name = Debug;
		};
		C24FDC5C29F07ACF0090F6B8 /* Release */ = {
			isa = XCBuildConfiguration;
			buildSettings = {
				ALWAYS_EMBED_SWIFT_STANDARD_LIBRARIES = YES;
				CODE_SIGN_STYLE = Automatic;
				CURRENT_PROJECT_VERSION = 1;
				DEVELOPMENT_TEAM = 82MX9NJ6X9;
				GENERATE_INFOPLIST_FILE = YES;
				MARKETING_VERSION = 1.0;
				PRODUCT_BUNDLE_IDENTIFIER = LISD.LightUITests;
				PRODUCT_NAME = "$(TARGET_NAME)";
				SWIFT_EMIT_LOC_STRINGS = NO;
				SWIFT_VERSION = 5.0;
				TARGETED_DEVICE_FAMILY = "1,2";
				TEST_TARGET_NAME = Light;
			};
			name = Release;
		};
/* End XCBuildConfiguration section */

/* Begin XCConfigurationList section */
		C24FDC2529F07ACE0090F6B8 /* Build configuration list for PBXProject "Light" */ = {
			isa = XCConfigurationList;
			buildConfigurations = (
				C24FDC5229F07ACF0090F6B8 /* Debug */,
				C24FDC5329F07ACF0090F6B8 /* Release */,
			);
			defaultConfigurationIsVisible = 0;
			defaultConfigurationName = Release;
		};
		C24FDC5429F07ACF0090F6B8 /* Build configuration list for PBXNativeTarget "Light" */ = {
			isa = XCConfigurationList;
			buildConfigurations = (
				C24FDC5529F07ACF0090F6B8 /* Debug */,
				C24FDC5629F07ACF0090F6B8 /* Release */,
			);
			defaultConfigurationIsVisible = 0;
			defaultConfigurationName = Release;
		};
		C24FDC5729F07ACF0090F6B8 /* Build configuration list for PBXNativeTarget "LightTests" */ = {
			isa = XCConfigurationList;
			buildConfigurations = (
				C24FDC5829F07ACF0090F6B8 /* Debug */,
				C24FDC5929F07ACF0090F6B8 /* Release */,
			);
			defaultConfigurationIsVisible = 0;
			defaultConfigurationName = Release;
		};
		C24FDC5A29F07ACF0090F6B8 /* Build configuration list for PBXNativeTarget "LightUITests" */ = {
			isa = XCConfigurationList;
			buildConfigurations = (
				C24FDC5B29F07ACF0090F6B8 /* Debug */,
				C24FDC5C29F07ACF0090F6B8 /* Release */,
			);
			defaultConfigurationIsVisible = 0;
			defaultConfigurationName = Release;
		};
/* End XCConfigurationList section */
	};
	rootObject = C24FDC2229F07ACE0090F6B8 /* Project object */;
}
